
Microsoft Visual Studio Solution File, Format Version 12.00
# Visual Studio Version 17
VisualStudioVersion = 17.7.34031.279
MinimumVisualStudioVersion = 10.0.40219.1
Project("{2150E333-8FDC-42A3-9474-1A3956D46DE8}") = "SEO.Service", "SEO.Service", "{D9289B5C-5EFA-4E1F-B375-86057113BCDB}"
EndProject
Project("{2150E333-8FDC-42A3-9474-1A3956D46DE8}") = "Other.Service", "Other.Service", "{6C4FB7D0-8A2B-4EA7-9846-A1EB3F2ED04F}"
EndProject
Project("{2150E333-8FDC-42A3-9474-1A3956D46DE8}") = "Tests", "Tests", "{6CE40EC4-CFCC-4E0F-A9CB-6C8786A969FE}"
EndProject
Project("{2150E333-8FDC-42A3-9474-1A3956D46DE8}") = "Services", "Services", "{7A5B79E1-9273-448B-9E20-D384CBB0A324}"
EndProject
Project("{2150E333-8FDC-42A3-9474-1A3956D46DE8}") = "Shared", "Shared", "{1679517F-7EDB-4707-8234-43C183899011}"
EndProject
Project("{9A19103F-16F7-4668-BE54-9A1E7A4F7556}") = "Backend.Tests", "back-end\Backend.Tests\Backend.Tests.csproj", "{FDFE11FF-AE06-4359-B499-85A7E24FE61E}"
EndProject
Project("{FAE04EC0-301F-11D3-BF4B-00C04F79EFBC}") = "Backend.Shared", "back-end\Backend.Share\Backend.Shared.csproj", "{F239CE9C-4DBD-4CFA-91AA-DDFFCB48BD72}"
EndProject
Project("{FAE04EC0-301F-11D3-BF4B-00C04F79EFBC}") = "SEO.Domain", "back-end\Backend.Services\SEO.Service\SEO.Domain\SEO.Domain.csproj", "{E66C055D-4D06-4F59-948C-B84999E88D0E}"
EndProject
Project("{9A19103F-16F7-4668-BE54-9A1E7A4F7556}") = "SEO.Api", "back-end\Backend.Services\SEO.Service\SEO.Api\SEO.Api.csproj", "{6EA30D4D-F26D-435F-A147-3FB1BAA2C840}"
EndProject
Project("{2150E333-8FDC-42A3-9474-1A3956D46DE8}") = "Backend", "Backend", "{BDCFB5E5-F29A-48A8-A60A-56B57055190F}"
EndProject
Project("{2150E333-8FDC-42A3-9474-1A3956D46DE8}") = "Frontend", "Frontend", "{BE453834-6A08-42BB-A28B-DCC7B45A50C6}"
EndProject
Project("{9A19103F-16F7-4668-BE54-9A1E7A4F7556}") = "MVC", "front-end\MVC\MVC.csproj", "{D13598B5-8765-4040-9E2E-B7A950EDEDE4}"
EndProject
Global
	GlobalSection(SolutionConfigurationPlatforms) = preSolution
		Debug|Any CPU = Debug|Any CPU
		Release|Any CPU = Release|Any CPU
	EndGlobalSection
	GlobalSection(ProjectConfigurationPlatforms) = postSolution
		{FDFE11FF-AE06-4359-B499-85A7E24FE61E}.Debug|Any CPU.ActiveCfg = Debug|Any CPU
		{FDFE11FF-AE06-4359-B499-85A7E24FE61E}.Debug|Any CPU.Build.0 = Debug|Any CPU
		{FDFE11FF-AE06-4359-B499-85A7E24FE61E}.Release|Any CPU.ActiveCfg = Release|Any CPU
		{FDFE11FF-AE06-4359-B499-85A7E24FE61E}.Release|Any CPU.Build.0 = Release|Any CPU
		{F239CE9C-4DBD-4CFA-91AA-DDFFCB48BD72}.Debug|Any CPU.ActiveCfg = Debug|Any CPU
		{F239CE9C-4DBD-4CFA-91AA-DDFFCB48BD72}.Debug|Any CPU.Build.0 = Debug|Any CPU
		{F239CE9C-4DBD-4CFA-91AA-DDFFCB48BD72}.Release|Any CPU.ActiveCfg = Release|Any CPU
		{F239CE9C-4DBD-4CFA-91AA-DDFFCB48BD72}.Release|Any CPU.Build.0 = Release|Any CPU
		{E66C055D-4D06-4F59-948C-B84999E88D0E}.Debug|Any CPU.ActiveCfg = Debug|Any CPU
		{E66C055D-4D06-4F59-948C-B84999E88D0E}.Debug|Any CPU.Build.0 = Debug|Any CPU
		{E66C055D-4D06-4F59-948C-B84999E88D0E}.Release|Any CPU.ActiveCfg = Release|Any CPU
		{E66C055D-4D06-4F59-948C-B84999E88D0E}.Release|Any CPU.Build.0 = Release|Any CPU
		{6EA30D4D-F26D-435F-A147-3FB1BAA2C840}.Debug|Any CPU.ActiveCfg = Debug|Any CPU
		{6EA30D4D-F26D-435F-A147-3FB1BAA2C840}.Debug|Any CPU.Build.0 = Debug|Any CPU
		{6EA30D4D-F26D-435F-A147-3FB1BAA2C840}.Release|Any CPU.ActiveCfg = Release|Any CPU
		{6EA30D4D-F26D-435F-A147-3FB1BAA2C840}.Release|Any CPU.Build.0 = Release|Any CPU
		{D13598B5-8765-4040-9E2E-B7A950EDEDE4}.Debug|Any CPU.ActiveCfg = Debug|Any CPU
		{D13598B5-8765-4040-9E2E-B7A950EDEDE4}.Debug|Any CPU.Build.0 = Debug|Any CPU
		{D13598B5-8765-4040-9E2E-B7A950EDEDE4}.Release|Any CPU.ActiveCfg = Release|Any CPU
		{D13598B5-8765-4040-9E2E-B7A950EDEDE4}.Release|Any CPU.Build.0 = Release|Any CPU
	EndGlobalSection
	GlobalSection(SolutionProperties) = preSolution
		HideSolutionNode = FALSE
	EndGlobalSection
	GlobalSection(NestedProjects) = preSolution
		{D9289B5C-5EFA-4E1F-B375-86057113BCDB} = {7A5B79E1-9273-448B-9E20-D384CBB0A324}
		{6C4FB7D0-8A2B-4EA7-9846-A1EB3F2ED04F} = {7A5B79E1-9273-448B-9E20-D384CBB0A324}
		{6CE40EC4-CFCC-4E0F-A9CB-6C8786A969FE} = {BDCFB5E5-F29A-48A8-A60A-56B57055190F}
		{7A5B79E1-9273-448B-9E20-D384CBB0A324} = {BDCFB5E5-F29A-48A8-A60A-56B57055190F}
		{1679517F-7EDB-4707-8234-43C183899011} = {BDCFB5E5-F29A-48A8-A60A-56B57055190F}
		{FDFE11FF-AE06-4359-B499-85A7E24FE61E} = {6CE40EC4-CFCC-4E0F-A9CB-6C8786A969FE}
		{F239CE9C-4DBD-4CFA-91AA-DDFFCB48BD72} = {1679517F-7EDB-4707-8234-43C183899011}
		{E66C055D-4D06-4F59-948C-B84999E88D0E} = {D9289B5C-5EFA-4E1F-B375-86057113BCDB}
		{6EA30D4D-F26D-435F-A147-3FB1BAA2C840} = {D9289B5C-5EFA-4E1F-B375-86057113BCDB}
		{D13598B5-8765-4040-9E2E-B7A950EDEDE4} = {BE453834-6A08-42BB-A28B-DCC7B45A50C6}
	EndGlobalSection
	GlobalSection(ExtensibilityGlobals) = postSolution
		SolutionGuid = {5551A5CF-2D03-481E-B42C-31041513FCC6}
	EndGlobalSection
EndGlobal
